
Microsoft Visual Studio Solution File, Format Version 12.00
# Visual Studio Version 16
VisualStudioVersion = 16.0.29324.140
MinimumVisualStudioVersion = 10.0.40219.1
Project("{9A19103F-16F7-4668-BE54-9A1E7A4F7556}") = "CoreT", "CoreT\CoreT.csproj", "{E2576961-B9E3-4CA0-AFF5-6456748D117D}"
	ProjectSection(ProjectDependencies) = postProject
		{38435F06-2378-4B53-943A-9E97DB029324} = {38435F06-2378-4B53-943A-9E97DB029324}
		{60362E22-3601-456C-BF02-F71ABC507D8B} = {60362E22-3601-456C-BF02-F71ABC507D8B}
		{1B35EF8A-2478-4EA2-A370-F93A4D250221} = {1B35EF8A-2478-4EA2-A370-F93A4D250221}
	EndProjectSection
EndProject
Project("{2150E333-8FDC-42A3-9474-1A3956D46DE8}") = "04.Application", "04.Application", "{7AFF2761-0B15-4EE0-908F-F28C00CFF0B3}"
EndProject
Project("{2150E333-8FDC-42A3-9474-1A3956D46DE8}") = "00.AutoTool", "00.AutoTool", "{7DDE595B-D39C-4298-88B6-61FA96A8D3CC}"
EndProject
Project("{2150E333-8FDC-42A3-9474-1A3956D46DE8}") = "03.Domian", "03.Domian", "{6444FB6F-A29F-4201-8E81-8BBFE55ADD08}"
EndProject
Project("{2150E333-8FDC-42A3-9474-1A3956D46DE8}") = "01.Infrastructure", "01.Infrastructure", "{49DDCA7F-0D21-42D4-A293-C13C0676D68E}"
EndProject
Project("{2150E333-8FDC-42A3-9474-1A3956D46DE8}") = "02.Entity", "02.Entity", "{D9FA5A43-C97E-429D-A2B0-ED23595CB8AF}"
EndProject
Project("{9A19103F-16F7-4668-BE54-9A1E7A4F7556}") = "AutoTool", "AutoTool\AutoTool.csproj", "{B36B0DD8-673F-4E03-BB39-50421A042B47}"
EndProject
Project("{9A19103F-16F7-4668-BE54-9A1E7A4F7556}") = "CoreT.Entity", "CoreT.Entity\CoreT.Entity.csproj", "{38435F06-2378-4B53-943A-9E97DB029324}"
EndProject
Project("{9A19103F-16F7-4668-BE54-9A1E7A4F7556}") = "CoreT.Services", "CoreT.Services\CoreT.Services.csproj", "{5B06FA46-B07A-458B-AF64-E5AFCC45D2FE}"
	ProjectSection(ProjectDependencies) = postProject
		{38435F06-2378-4B53-943A-9E97DB029324} = {38435F06-2378-4B53-943A-9E97DB029324}
		{60362E22-3601-456C-BF02-F71ABC507D8B} = {60362E22-3601-456C-BF02-F71ABC507D8B}
		{1B35EF8A-2478-4EA2-A370-F93A4D250221} = {1B35EF8A-2478-4EA2-A370-F93A4D250221}
		{FCFA73AB-1784-43A7-B3C8-3ADBB41C19A5} = {FCFA73AB-1784-43A7-B3C8-3ADBB41C19A5}
	EndProjectSection
EndProject
Project("{9A19103F-16F7-4668-BE54-9A1E7A4F7556}") = "CoreT.IServices", "CoreT.IServices\CoreT.IServices.csproj", "{60362E22-3601-456C-BF02-F71ABC507D8B}"
	ProjectSection(ProjectDependencies) = postProject
		{38435F06-2378-4B53-943A-9E97DB029324} = {38435F06-2378-4B53-943A-9E97DB029324}
		{1B35EF8A-2478-4EA2-A370-F93A4D250221} = {1B35EF8A-2478-4EA2-A370-F93A4D250221}
		{FCFA73AB-1784-43A7-B3C8-3ADBB41C19A5} = {FCFA73AB-1784-43A7-B3C8-3ADBB41C19A5}
	EndProjectSection
EndProject
Project("{9A19103F-16F7-4668-BE54-9A1E7A4F7556}") = "CoreT.IRepository", "CoreT.IRepository\CoreT.IRepository.csproj", "{FCFA73AB-1784-43A7-B3C8-3ADBB41C19A5}"
	ProjectSection(ProjectDependencies) = postProject
		{38435F06-2378-4B53-943A-9E97DB029324} = {38435F06-2378-4B53-943A-9E97DB029324}
		{1B35EF8A-2478-4EA2-A370-F93A4D250221} = {1B35EF8A-2478-4EA2-A370-F93A4D250221}
	EndProjectSection
EndProject
Project("{9A19103F-16F7-4668-BE54-9A1E7A4F7556}") = "CoreT.Repository", "CoreT.Repository\CoreT.Repository.csproj", "{10770532-6733-4D83-BE84-386E6C43B567}"
	ProjectSection(ProjectDependencies) = postProject
		{38435F06-2378-4B53-943A-9E97DB029324} = {38435F06-2378-4B53-943A-9E97DB029324}
		{FCFA73AB-1784-43A7-B3C8-3ADBB41C19A5} = {FCFA73AB-1784-43A7-B3C8-3ADBB41C19A5}
	EndProjectSection
EndProject
Project("{9A19103F-16F7-4668-BE54-9A1E7A4F7556}") = "CoreT.Common", "CoreT.Common\CoreT.Common.csproj", "{1B35EF8A-2478-4EA2-A370-F93A4D250221}"
EndProject
Project("{FAE04EC0-301F-11D3-BF4B-00C04F79EFBC}") = "CoreT.Test", "CoreT.Test\CoreT.Test.csproj", "{28326AC2-C53E-46A6-A06C-D17F90A9C147}"
EndProject
Global
	GlobalSection(SolutionConfigurationPlatforms) = preSolution
		Debug|Any CPU = Debug|Any CPU
		Release|Any CPU = Release|Any CPU
	EndGlobalSection
	GlobalSection(ProjectConfigurationPlatforms) = postSolution
		{E2576961-B9E3-4CA0-AFF5-6456748D117D}.Debug|Any CPU.ActiveCfg = Debug|Any CPU
		{E2576961-B9E3-4CA0-AFF5-6456748D117D}.Debug|Any CPU.Build.0 = Debug|Any CPU
		{E2576961-B9E3-4CA0-AFF5-6456748D117D}.Release|Any CPU.ActiveCfg = Release|Any CPU
		{E2576961-B9E3-4CA0-AFF5-6456748D117D}.Release|Any CPU.Build.0 = Release|Any CPU
		{B36B0DD8-673F-4E03-BB39-50421A042B47}.Debug|Any CPU.ActiveCfg = Debug|Any CPU
		{B36B0DD8-673F-4E03-BB39-50421A042B47}.Release|Any CPU.ActiveCfg = Release|Any CPU
		{B36B0DD8-673F-4E03-BB39-50421A042B47}.Release|Any CPU.Build.0 = Release|Any CPU
		{38435F06-2378-4B53-943A-9E97DB029324}.Debug|Any CPU.ActiveCfg = Debug|Any CPU
		{38435F06-2378-4B53-943A-9E97DB029324}.Debug|Any CPU.Build.0 = Debug|Any CPU
		{38435F06-2378-4B53-943A-9E97DB029324}.Release|Any CPU.ActiveCfg = Release|Any CPU
		{38435F06-2378-4B53-943A-9E97DB029324}.Release|Any CPU.Build.0 = Release|Any CPU
		{5B06FA46-B07A-458B-AF64-E5AFCC45D2FE}.Debug|Any CPU.ActiveCfg = Debug|Any CPU
		{5B06FA46-B07A-458B-AF64-E5AFCC45D2FE}.Debug|Any CPU.Build.0 = Debug|Any CPU
		{5B06FA46-B07A-458B-AF64-E5AFCC45D2FE}.Release|Any CPU.ActiveCfg = Release|Any CPU
		{5B06FA46-B07A-458B-AF64-E5AFCC45D2FE}.Release|Any CPU.Build.0 = Release|Any CPU
		{60362E22-3601-456C-BF02-F71ABC507D8B}.Debug|Any CPU.ActiveCfg = Debug|Any CPU
		{60362E22-3601-456C-BF02-F71ABC507D8B}.Debug|Any CPU.Build.0 = Debug|Any CPU
		{60362E22-3601-456C-BF02-F71ABC507D8B}.Release|Any CPU.ActiveCfg = Release|Any CPU
		{60362E22-3601-456C-BF02-F71ABC507D8B}.Release|Any CPU.Build.0 = Release|Any CPU
		{FCFA73AB-1784-43A7-B3C8-3ADBB41C19A5}.Debug|Any CPU.ActiveCfg = Debug|Any CPU
		{FCFA73AB-1784-43A7-B3C8-3ADBB41C19A5}.Debug|Any CPU.Build.0 = Debug|Any CPU
		{FCFA73AB-1784-43A7-B3C8-3ADBB41C19A5}.Release|Any CPU.ActiveCfg = Release|Any CPU
		{FCFA73AB-1784-43A7-B3C8-3ADBB41C19A5}.Release|Any CPU.Build.0 = Release|Any CPU
		{10770532-6733-4D83-BE84-386E6C43B567}.Debug|Any CPU.ActiveCfg = Debug|Any CPU
		{10770532-6733-4D83-BE84-386E6C43B567}.Debug|Any CPU.Build.0 = Debug|Any CPU
		{10770532-6733-4D83-BE84-386E6C43B567}.Release|Any CPU.ActiveCfg = Release|Any CPU
		{10770532-6733-4D83-BE84-386E6C43B567}.Release|Any CPU.Build.0 = Release|Any CPU
		{1B35EF8A-2478-4EA2-A370-F93A4D250221}.Debug|Any CPU.ActiveCfg = Debug|Any CPU
		{1B35EF8A-2478-4EA2-A370-F93A4D250221}.Debug|Any CPU.Build.0 = Debug|Any CPU
		{1B35EF8A-2478-4EA2-A370-F93A4D250221}.Release|Any CPU.ActiveCfg = Release|Any CPU
		{1B35EF8A-2478-4EA2-A370-F93A4D250221}.Release|Any CPU.Build.0 = Release|Any CPU
		{28326AC2-C53E-46A6-A06C-D17F90A9C147}.Debug|Any CPU.ActiveCfg = Debug|Any CPU
		{28326AC2-C53E-46A6-A06C-D17F90A9C147}.Debug|Any CPU.Build.0 = Debug|Any CPU
		{28326AC2-C53E-46A6-A06C-D17F90A9C147}.Release|Any CPU.ActiveCfg = Release|Any CPU
		{28326AC2-C53E-46A6-A06C-D17F90A9C147}.Release|Any CPU.Build.0 = Release|Any CPU
	EndGlobalSection
	GlobalSection(SolutionProperties) = preSolution
		HideSolutionNode = FALSE
	EndGlobalSection
	GlobalSection(NestedProjects) = preSolution
		{B36B0DD8-673F-4E03-BB39-50421A042B47} = {7DDE595B-D39C-4298-88B6-61FA96A8D3CC}
		{38435F06-2378-4B53-943A-9E97DB029324} = {D9FA5A43-C97E-429D-A2B0-ED23595CB8AF}
		{5B06FA46-B07A-458B-AF64-E5AFCC45D2FE} = {7AFF2761-0B15-4EE0-908F-F28C00CFF0B3}
		{60362E22-3601-456C-BF02-F71ABC507D8B} = {7AFF2761-0B15-4EE0-908F-F28C00CFF0B3}
		{FCFA73AB-1784-43A7-B3C8-3ADBB41C19A5} = {6444FB6F-A29F-4201-8E81-8BBFE55ADD08}
		{10770532-6733-4D83-BE84-386E6C43B567} = {6444FB6F-A29F-4201-8E81-8BBFE55ADD08}
		{1B35EF8A-2478-4EA2-A370-F93A4D250221} = {49DDCA7F-0D21-42D4-A293-C13C0676D68E}
	EndGlobalSection
	GlobalSection(ExtensibilityGlobals) = postSolution
		SolutionGuid = {166D1C4A-6E8A-4AEC-B0D8-28B04320C8BA}
	EndGlobalSection
EndGlobal
